
Microsoft Visual Studio Solution File, Format Version 12.00
# Visual Studio Version 16
VisualStudioVersion = 16.0.30717.126
MinimumVisualStudioVersion = 10.0.40219.1
Project("{2150E333-8FDC-42A3-9474-1A3956D46DE8}") = "1.Hospital", "1.Hospital", "{32A3BE7E-8236-478C-9C22-FAB35AB8A317}"
EndProject
Project("{2150E333-8FDC-42A3-9474-1A3956D46DE8}") = "1.1.Dominio", "1.1.Dominio", "{7F3AA967-5F85-43FE-9BA7-EDA547A68E80}"
EndProject
Project("{9A19103F-16F7-4668-BE54-9A1E7A4F7556}") = "Hospital.Dominio", "Hospital.Dominio\Hospital.Dominio.csproj", "{B3B3B3B0-EB92-4E3C-9097-E127A36030DD}"
EndProject
Project("{2150E333-8FDC-42A3-9474-1A3956D46DE8}") = "1.2.Infraestructura", "1.2.Infraestructura", "{B1E203E3-4C9E-4B46-8342-01976888E639}"
EndProject
Project("{2150E333-8FDC-42A3-9474-1A3956D46DE8}") = "1.2.1.Script", "1.2.1.Script", "{30AF1058-6FDE-4002-B609-2AB6ED4A5F09}"
EndProject
Project("{2150E333-8FDC-42A3-9474-1A3956D46DE8}") = "1.2.2.Persistencia", "1.2.2.Persistencia", "{B3CB71E3-11EB-4126-8700-AE3C7358035A}"
EndProject
Project("{9A19103F-16F7-4668-BE54-9A1E7A4F7556}") = "Hospital.Infraestructura", "Hospital.Infraestructura\Hospital.Infraestructura.csproj", "{35C4AC81-A413-4175-9ECB-F0A61666D43D}"
EndProject
Project("{00D1A9C2-B5F0-4AF3-8072-F6C62B433612}") = "Hospital.Scripts", "Hospital.Scripts\Hospital.Scripts.sqlproj", "{000B20FF-84B0-43FF-85A1-7AC35C6C72C2}"
EndProject
Project("{2150E333-8FDC-42A3-9474-1A3956D46DE8}") = "1.3.Aplicacion", "1.3.Aplicacion", "{7BFF9FD3-EEF4-4BF0-ADD5-76334F847B20}"
EndProject
Project("{2150E333-8FDC-42A3-9474-1A3956D46DE8}") = "1.3.1.Models", "1.3.1.Models", "{9A1A219D-0303-438F-B661-311F1AB1C5D1}"
EndProject
Project("{2150E333-8FDC-42A3-9474-1A3956D46DE8}") = "1.3.2.Services", "1.3.2.Services", "{40442CA0-55F3-4701-A7AA-CEF77E3DCECA}"
EndProject
Project("{9A19103F-16F7-4668-BE54-9A1E7A4F7556}") = "Hospital.Models", "Hospital.Models\Hospital.Models.csproj", "{38BFAB1D-3C8E-49E8-B82C-457949D71F40}"
EndProject
Project("{9A19103F-16F7-4668-BE54-9A1E7A4F7556}") = "Hospital.API", "Hospital.API\Hospital.API.csproj", "{1D01D6A9-1C1D-4FDD-92D1-F94709EDFEE6}"
EndProject
Project("{2150E333-8FDC-42A3-9474-1A3956D46DE8}") = "1.3.3.Presentacion", "1.3.3.Presentacion", "{3D0C549A-524A-41F3-A1A1-15332A797823}"
EndProject
Project("{FAE04EC0-301F-11D3-BF4B-00C04F79EFBC}") = "PortalHospital.Presentacion", "PortalHospital.Presentacion\PortalHospital.Presentacion.csproj", "{C1A712E3-49AD-47BD-A65A-BF475CF458C0}"
EndProject
Global
	GlobalSection(SolutionConfigurationPlatforms) = preSolution
		Debug|Any CPU = Debug|Any CPU
		Release|Any CPU = Release|Any CPU
	EndGlobalSection
	GlobalSection(ProjectConfigurationPlatforms) = postSolution
		{B3B3B3B0-EB92-4E3C-9097-E127A36030DD}.Debug|Any CPU.ActiveCfg = Debug|Any CPU
		{B3B3B3B0-EB92-4E3C-9097-E127A36030DD}.Debug|Any CPU.Build.0 = Debug|Any CPU
		{B3B3B3B0-EB92-4E3C-9097-E127A36030DD}.Release|Any CPU.ActiveCfg = Release|Any CPU
		{B3B3B3B0-EB92-4E3C-9097-E127A36030DD}.Release|Any CPU.Build.0 = Release|Any CPU
		{35C4AC81-A413-4175-9ECB-F0A61666D43D}.Debug|Any CPU.ActiveCfg = Debug|Any CPU
		{35C4AC81-A413-4175-9ECB-F0A61666D43D}.Debug|Any CPU.Build.0 = Debug|Any CPU
		{35C4AC81-A413-4175-9ECB-F0A61666D43D}.Release|Any CPU.ActiveCfg = Release|Any CPU
		{35C4AC81-A413-4175-9ECB-F0A61666D43D}.Release|Any CPU.Build.0 = Release|Any CPU
		{000B20FF-84B0-43FF-85A1-7AC35C6C72C2}.Debug|Any CPU.ActiveCfg = Debug|Any CPU
		{000B20FF-84B0-43FF-85A1-7AC35C6C72C2}.Debug|Any CPU.Build.0 = Debug|Any CPU
		{000B20FF-84B0-43FF-85A1-7AC35C6C72C2}.Debug|Any CPU.Deploy.0 = Debug|Any CPU
		{000B20FF-84B0-43FF-85A1-7AC35C6C72C2}.Release|Any CPU.ActiveCfg = Release|Any CPU
		{000B20FF-84B0-43FF-85A1-7AC35C6C72C2}.Release|Any CPU.Build.0 = Release|Any CPU
		{000B20FF-84B0-43FF-85A1-7AC35C6C72C2}.Release|Any CPU.Deploy.0 = Release|Any CPU
		{38BFAB1D-3C8E-49E8-B82C-457949D71F40}.Debug|Any CPU.ActiveCfg = Debug|Any CPU
		{38BFAB1D-3C8E-49E8-B82C-457949D71F40}.Debug|Any CPU.Build.0 = Debug|Any CPU
		{38BFAB1D-3C8E-49E8-B82C-457949D71F40}.Release|Any CPU.ActiveCfg = Release|Any CPU
		{38BFAB1D-3C8E-49E8-B82C-457949D71F40}.Release|Any CPU.Build.0 = Release|Any CPU
		{1D01D6A9-1C1D-4FDD-92D1-F94709EDFEE6}.Debug|Any CPU.ActiveCfg = Debug|Any CPU
		{1D01D6A9-1C1D-4FDD-92D1-F94709EDFEE6}.Debug|Any CPU.Build.0 = Debug|Any CPU
		{1D01D6A9-1C1D-4FDD-92D1-F94709EDFEE6}.Release|Any CPU.ActiveCfg = Release|Any CPU
		{1D01D6A9-1C1D-4FDD-92D1-F94709EDFEE6}.Release|Any CPU.Build.0 = Release|Any CPU
		{C1A712E3-49AD-47BD-A65A-BF475CF458C0}.Debug|Any CPU.ActiveCfg = Debug|Any CPU
		{C1A712E3-49AD-47BD-A65A-BF475CF458C0}.Debug|Any CPU.Build.0 = Debug|Any CPU
		{C1A712E3-49AD-47BD-A65A-BF475CF458C0}.Release|Any CPU.ActiveCfg = Release|Any CPU
		{C1A712E3-49AD-47BD-A65A-BF475CF458C0}.Release|Any CPU.Build.0 = Release|Any CPU
	EndGlobalSection
	GlobalSection(SolutionProperties) = preSolution
		HideSolutionNode = FALSE
	EndGlobalSection
	GlobalSection(NestedProjects) = preSolution
		{7F3AA967-5F85-43FE-9BA7-EDA547A68E80} = {32A3BE7E-8236-478C-9C22-FAB35AB8A317}
		{B3B3B3B0-EB92-4E3C-9097-E127A36030DD} = {7F3AA967-5F85-43FE-9BA7-EDA547A68E80}
		{B1E203E3-4C9E-4B46-8342-01976888E639} = {32A3BE7E-8236-478C-9C22-FAB35AB8A317}
		{30AF1058-6FDE-4002-B609-2AB6ED4A5F09} = {B1E203E3-4C9E-4B46-8342-01976888E639}
		{B3CB71E3-11EB-4126-8700-AE3C7358035A} = {B1E203E3-4C9E-4B46-8342-01976888E639}
		{35C4AC81-A413-4175-9ECB-F0A61666D43D} = {B3CB71E3-11EB-4126-8700-AE3C7358035A}
		{000B20FF-84B0-43FF-85A1-7AC35C6C72C2} = {30AF1058-6FDE-4002-B609-2AB6ED4A5F09}
		{7BFF9FD3-EEF4-4BF0-ADD5-76334F847B20} = {32A3BE7E-8236-478C-9C22-FAB35AB8A317}
		{9A1A219D-0303-438F-B661-311F1AB1C5D1} = {7BFF9FD3-EEF4-4BF0-ADD5-76334F847B20}
		{40442CA0-55F3-4701-A7AA-CEF77E3DCECA} = {7BFF9FD3-EEF4-4BF0-ADD5-76334F847B20}
		{38BFAB1D-3C8E-49E8-B82C-457949D71F40} = {9A1A219D-0303-438F-B661-311F1AB1C5D1}
		{1D01D6A9-1C1D-4FDD-92D1-F94709EDFEE6} = {40442CA0-55F3-4701-A7AA-CEF77E3DCECA}
		{3D0C549A-524A-41F3-A1A1-15332A797823} = {7BFF9FD3-EEF4-4BF0-ADD5-76334F847B20}
		{C1A712E3-49AD-47BD-A65A-BF475CF458C0} = {3D0C549A-524A-41F3-A1A1-15332A797823}
	EndGlobalSection
	GlobalSection(ExtensibilityGlobals) = postSolution
		SolutionGuid = {516B5F7B-13F3-4014-8BBB-05968281BA40}
	EndGlobalSection
EndGlobal
